
Microsoft Visual Studio Solution File, Format Version 12.00
# Visual Studio 14
VisualStudioVersion = 14.0.25420.1
MinimumVisualStudioVersion = 10.0.40219.1
Project("{FAE04EC0-301F-11D3-BF4B-00C04F79EFBC}") = "MemoryGameClient", "MemoryGameClient.csproj", "{9DA8BD77-8C7B-4819-BD7A-3BDAB75A4EA4}"
EndProject
Project("{FAE04EC0-301F-11D3-BF4B-00C04F79EFBC}") = "MemoryGameServer", "..\MemoryGameServer\MemoryGameServer.csproj", "{FA10A0E6-6032-4CD9-BAC0-32935CE762F7}"
EndProject
Project("{FAE04EC0-301F-11D3-BF4B-00C04F79EFBC}") = "MemoryGameData", "..\MemoryGameData\MemoryGameData.csproj", "{915A03A4-3AFF-491D-94B4-B08E4039E7F9}"
EndProject
Project("{FAE04EC0-301F-11D3-BF4B-00C04F79EFBC}") = "MemoryGameDatabase", "..\MemoryGameDatabase\MemoryGameDatabase.csproj", "{92B963E1-8DB2-4390-BB18-2667FFCEDB5F}"
EndProject
Project("{FAE04EC0-301F-11D3-BF4B-00C04F79EFBC}") = "MemoryGameLogic", "..\MemoryGameLogic\MemoryGameLogic.csproj", "{EF8097B8-47AE-4963-927D-6AECA77380BB}"
EndProject
Global
	GlobalSection(SolutionConfigurationPlatforms) = preSolution
		Debug|Any CPU = Debug|Any CPU
		Release|Any CPU = Release|Any CPU
	EndGlobalSection
	GlobalSection(ProjectConfigurationPlatforms) = postSolution
		{9DA8BD77-8C7B-4819-BD7A-3BDAB75A4EA4}.Debug|Any CPU.ActiveCfg = Debug|Any CPU
		{9DA8BD77-8C7B-4819-BD7A-3BDAB75A4EA4}.Debug|Any CPU.Build.0 = Debug|Any CPU
		{9DA8BD77-8C7B-4819-BD7A-3BDAB75A4EA4}.Release|Any CPU.ActiveCfg = Release|Any CPU
		{9DA8BD77-8C7B-4819-BD7A-3BDAB75A4EA4}.Release|Any CPU.Build.0 = Release|Any CPU
		{FA10A0E6-6032-4CD9-BAC0-32935CE762F7}.Debug|Any CPU.ActiveCfg = Debug|Any CPU
		{FA10A0E6-6032-4CD9-BAC0-32935CE762F7}.Debug|Any CPU.Build.0 = Debug|Any CPU
		{FA10A0E6-6032-4CD9-BAC0-32935CE762F7}.Release|Any CPU.ActiveCfg = Release|Any CPU
		{FA10A0E6-6032-4CD9-BAC0-32935CE762F7}.Release|Any CPU.Build.0 = Release|Any CPU
		{915A03A4-3AFF-491D-94B4-B08E4039E7F9}.Debug|Any CPU.ActiveCfg = Debug|Any CPU
		{915A03A4-3AFF-491D-94B4-B08E4039E7F9}.Debug|Any CPU.Build.0 = Debug|Any CPU
		{915A03A4-3AFF-491D-94B4-B08E4039E7F9}.Release|Any CPU.ActiveCfg = Release|Any CPU
		{915A03A4-3AFF-491D-94B4-B08E4039E7F9}.Release|Any CPU.Build.0 = Release|Any CPU
		{92B963E1-8DB2-4390-BB18-2667FFCEDB5F}.Debug|Any CPU.ActiveCfg = Debug|Any CPU
		{92B963E1-8DB2-4390-BB18-2667FFCEDB5F}.Debug|Any CPU.Build.0 = Debug|Any CPU
		{92B963E1-8DB2-4390-BB18-2667FFCEDB5F}.Release|Any CPU.ActiveCfg = Release|Any CPU
		{92B963E1-8DB2-4390-BB18-2667FFCEDB5F}.Release|Any CPU.Build.0 = Release|Any CPU
		{EF8097B8-47AE-4963-927D-6AECA77380BB}.Debug|Any CPU.ActiveCfg = Debug|Any CPU
		{EF8097B8-47AE-4963-927D-6AECA77380BB}.Debug|Any CPU.Build.0 = Debug|Any CPU
		{EF8097B8-47AE-4963-927D-6AECA77380BB}.Release|Any CPU.ActiveCfg = Release|Any CPU
		{EF8097B8-47AE-4963-927D-6AECA77380BB}.Release|Any CPU.Build.0 = Release|Any CPU
	EndGlobalSection
	GlobalSection(SolutionProperties) = preSolution
		HideSolutionNode = FALSE
	EndGlobalSection
EndGlobal
